
Microsoft Visual Studio Solution File, Format Version 12.00
# Visual Studio Version 17
VisualStudioVersion = 17.9.34622.214
MinimumVisualStudioVersion = 10.0.40219.1
Project("{FAE04EC0-301F-11D3-BF4B-00C04F79EFBC}") = "DigitalLibrary.DAL", "DigitalLibrary.DAL\DigitalLibrary.DAL.csproj", "{160A81F6-6EA5-483B-83E7-5D326BF0D947}"
EndProject
Project("{FAE04EC0-301F-11D3-BF4B-00C04F79EFBC}") = "DigitalLibrary.TestConsole", "DigitalLibrary.TestConsole\DigitalLibrary.TestConsole.csproj", "{3F7EBD51-9FE9-4F98-96D0-3B4D04814C84}"
EndProject
Project("{FAE04EC0-301F-11D3-BF4B-00C04F79EFBC}") = "DigitalLibrary.BLL", "DigitalLibrary.BLL\DigitalLibrary.BLL.csproj", "{F7546FB2-65CD-4C19-90EE-BB7D0A72B298}"
EndProject
Global
	GlobalSection(SolutionConfigurationPlatforms) = preSolution
		Debug|Any CPU = Debug|Any CPU
		Release|Any CPU = Release|Any CPU
	EndGlobalSection
	GlobalSection(ProjectConfigurationPlatforms) = postSolution
		{160A81F6-6EA5-483B-83E7-5D326BF0D947}.Debug|Any CPU.ActiveCfg = Debug|Any CPU
		{160A81F6-6EA5-483B-83E7-5D326BF0D947}.Debug|Any CPU.Build.0 = Debug|Any CPU
		{160A81F6-6EA5-483B-83E7-5D326BF0D947}.Release|Any CPU.ActiveCfg = Release|Any CPU
		{160A81F6-6EA5-483B-83E7-5D326BF0D947}.Release|Any CPU.Build.0 = Release|Any CPU
		{3F7EBD51-9FE9-4F98-96D0-3B4D04814C84}.Debug|Any CPU.ActiveCfg = Debug|Any CPU
		{3F7EBD51-9FE9-4F98-96D0-3B4D04814C84}.Debug|Any CPU.Build.0 = Debug|Any CPU
		{3F7EBD51-9FE9-4F98-96D0-3B4D04814C84}.Release|Any CPU.ActiveCfg = Release|Any CPU
		{3F7EBD51-9FE9-4F98-96D0-3B4D04814C84}.Release|Any CPU.Build.0 = Release|Any CPU
		{F7546FB2-65CD-4C19-90EE-BB7D0A72B298}.Debug|Any CPU.ActiveCfg = Debug|Any CPU
		{F7546FB2-65CD-4C19-90EE-BB7D0A72B298}.Debug|Any CPU.Build.0 = Debug|Any CPU
		{F7546FB2-65CD-4C19-90EE-BB7D0A72B298}.Release|Any CPU.ActiveCfg = Release|Any CPU
		{F7546FB2-65CD-4C19-90EE-BB7D0A72B298}.Release|Any CPU.Build.0 = Release|Any CPU
	EndGlobalSection
	GlobalSection(SolutionProperties) = preSolution
		HideSolutionNode = FALSE
	EndGlobalSection
	GlobalSection(ExtensibilityGlobals) = postSolution
		SolutionGuid = {77D45803-98CC-4B39-8585-30CA828EDB80}
	EndGlobalSection
EndGlobal
